
Microsoft Visual Studio Solution File, Format Version 12.00
# Visual Studio Version 17
VisualStudioVersion = 17.6.33815.320
MinimumVisualStudioVersion = 10.0.40219.1
Project("{FAE04EC0-301F-11D3-BF4B-00C04F79EFBC}") = "Odev3-KisiRehberi", "Odev3-KisiRehberi\Odev3-KisiRehberi.csproj", "{A7198278-7690-437A-8640-B2469BF33B85}"
EndProject
Global
	GlobalSection(SolutionConfigurationPlatforms) = preSolution
		Debug|Any CPU = Debug|Any CPU
		Release|Any CPU = Release|Any CPU
	EndGlobalSection
	GlobalSection(ProjectConfigurationPlatforms) = postSolution
		{A7198278-7690-437A-8640-B2469BF33B85}.Debug|Any CPU.ActiveCfg = Debug|Any CPU
		{A7198278-7690-437A-8640-B2469BF33B85}.Debug|Any CPU.Build.0 = Debug|Any CPU
		{A7198278-7690-437A-8640-B2469BF33B85}.Release|Any CPU.ActiveCfg = Release|Any CPU
		{A7198278-7690-437A-8640-B2469BF33B85}.Release|Any CPU.Build.0 = Release|Any CPU
	EndGlobalSection
	GlobalSection(SolutionProperties) = preSolution
		HideSolutionNode = FALSE
	EndGlobalSection
	GlobalSection(ExtensibilityGlobals) = postSolution
		SolutionGuid = {17217E2F-56CD-4035-9F43-7B8FC3D197CC}
	EndGlobalSection
EndGlobal
